
Microsoft Visual Studio Solution File, Format Version 12.00
# Visual Studio Version 17
VisualStudioVersion = 17.4.33110.190
MinimumVisualStudioVersion = 10.0.40219.1
Project("{FAE04EC0-301F-11D3-BF4B-00C04F79EFBC}") = "Solution1.Project1", "Solution1.Project1\Solution1.Project1.csproj", "{B94602C1-39A4-4A50-85AF-286EC6EB5E55}"
EndProject
Project("{FAE04EC0-301F-11D3-BF4B-00C04F79EFBC}") = "Solution1.Hr", "Solution1.Hr\Solution1.Hr.csproj", "{95D2F117-404C-4591-9C9C-229BA4F318CF}"
EndProject
Global
	GlobalSection(SolutionConfigurationPlatforms) = preSolution
		Debug|Any CPU = Debug|Any CPU
		Release|Any CPU = Release|Any CPU
	EndGlobalSection
	GlobalSection(ProjectConfigurationPlatforms) = postSolution
		{B94602C1-39A4-4A50-85AF-286EC6EB5E55}.Debug|Any CPU.ActiveCfg = Debug|Any CPU
		{B94602C1-39A4-4A50-85AF-286EC6EB5E55}.Debug|Any CPU.Build.0 = Debug|Any CPU
		{B94602C1-39A4-4A50-85AF-286EC6EB5E55}.Release|Any CPU.ActiveCfg = Release|Any CPU
		{B94602C1-39A4-4A50-85AF-286EC6EB5E55}.Release|Any CPU.Build.0 = Release|Any CPU
		{95D2F117-404C-4591-9C9C-229BA4F318CF}.Debug|Any CPU.ActiveCfg = Debug|Any CPU
		{95D2F117-404C-4591-9C9C-229BA4F318CF}.Debug|Any CPU.Build.0 = Debug|Any CPU
		{95D2F117-404C-4591-9C9C-229BA4F318CF}.Release|Any CPU.ActiveCfg = Release|Any CPU
		{95D2F117-404C-4591-9C9C-229BA4F318CF}.Release|Any CPU.Build.0 = Release|Any CPU
	EndGlobalSection
	GlobalSection(SolutionProperties) = preSolution
		HideSolutionNode = FALSE
	EndGlobalSection
	GlobalSection(ExtensibilityGlobals) = postSolution
		SolutionGuid = {6F3CE959-1189-4919-9B8A-99A5A7EFCF6A}
	EndGlobalSection
EndGlobal
